{
  "name": "18htmlemail",
  "version": "1.0.0",
  "lockfileVersion": 3,
  "requires": true,
  "packages": {
    "": {
      "name": "18htmlemail",
      "version": "1.0.0",
      "license": "ISC",
      "dependencies": {
        "@css-inline/css-inline": "^0.14.1"
      }
    },
    "node_modules/@css-inline/css-inline": {
      "version": "0.14.1",
      "resolved": "https://registry.npmjs.org/@css-inline/css-inline/-/css-inline-0.14.1.tgz",
      "integrity": "sha512-u4eku+hnPqqHIGq/ZUQcaP0TrCbYeLIYBaK7qClNRGZbnh8RC4gVxLEIo8Pceo1nOK9E5G4Lxzlw5KnXcvflfA==",
      "engines": {
        "node": ">= 10"
      },
      "optionalDependencies": {
        "@css-inline/css-inline-android-arm-eabi": "0.14.1",
        "@css-inline/css-inline-android-arm64": "0.14.1",
        "@css-inline/css-inline-darwin-arm64": "0.14.1",
        "@css-inline/css-inline-darwin-x64": "0.14.1",
        "@css-inline/css-inline-linux-arm-gnueabihf": "0.14.1",
        "@css-inline/css-inline-linux-arm64-gnu": "0.14.1",
        "@css-inline/css-inline-linux-arm64-musl": "0.14.1",
        "@css-inline/css-inline-linux-x64-gnu": "0.14.1",
        "@css-inline/css-inline-linux-x64-musl": "0.14.1",
        "@css-inline/css-inline-win32-x64-msvc": "0.14.1"
      }
    },
    "node_modules/@css-inline/css-inline-android-arm-eabi": {
      "version": "0.14.1",
      "resolved": "https://registry.npmjs.org/@css-inline/css-inline-android-arm-eabi/-/css-inline-android-arm-eabi-0.14.1.tgz",
      "integrity": "sha512-LNUR8TY4ldfYi0mi/d4UNuHJ+3o8yLQH9r2Nt6i4qeg1i7xswfL3n/LDLRXvGjBYqeEYNlhlBQzbPwMX1qrU6A==",
      "cpu": [
        "arm"
      ],
      "optional": true,
      "os": [
        "android"
      ],
      "engines": {
        "node": ">= 10"
      }
    },
    "node_modules/@css-inline/css-inline-android-arm64": {
      "version": "0.14.1",
      "resolved": "https://registry.npmjs.org/@css-inline/css-inline-android-arm64/-/css-inline-android-arm64-0.14.1.tgz",
      "integrity": "sha512-tH5us0NYGoTNBHOUHVV7j9KfJ4DtFOeTLA3cM0XNoMtArNu2pmaaBMFJPqECzavfXkLc7x5Z22UPZYjoyHfvCA==",
      "cpu": [
        "arm64"
      ],
      "optional": true,
      "os": [
        "android"
      ],
      "engines": {
        "node": ">= 10"
      }
    },
    "node_modules/@css-inline/css-inline-darwin-arm64": {
      "version": "0.14.1",
      "resolved": "https://registry.npmjs.org/@css-inline/css-inline-darwin-arm64/-/css-inline-darwin-arm64-0.14.1.tgz",
      "integrity": "sha512-QE5W1YRIfRayFrtrcK/wqEaxNaqLULPI0gZB4ArbFRd3d56IycvgBasDTHPre5qL2cXCO3VyPx+80XyHOaVkag==",
      "cpu": [
        "arm64"
      ],
      "optional": true,
      "os": [
        "darwin"
      ],
      "engines": {
        "node": ">= 10"
      }
    },
    "node_modules/@css-inline/css-inline-darwin-x64": {
      "version": "0.14.1",
      "resolved": "https://registry.npmjs.org/@css-inline/css-inline-darwin-x64/-/css-inline-darwin-x64-0.14.1.tgz",
      "integrity": "sha512-mAvv2sN8awNFsbvBzlFkZPbCNZ6GCWY5/YcIz7V5dPYw+bHHRbjnlkNTEZq5BsDxErVrMIGvz05PGgzuNvZvdQ==",
      "cpu": [
        "x64"
      ],
      "optional": true,
      "os": [
        "darwin"
      ],
      "engines": {
        "node": ">= 10"
      }
    },
    "node_modules/@css-inline/css-inline-linux-arm-gnueabihf": {
      "version": "0.14.1",
      "resolved": "https://registry.npmjs.org/@css-inline/css-inline-linux-arm-gnueabihf/-/css-inline-linux-arm-gnueabihf-0.14.1.tgz",
      "integrity": "sha512-AWC44xL0X7BgKvrWEqfSqkT2tJA5kwSGrAGT+m0gt11wnTYySvQ6YpX0fTY9i3ppYGu4bEdXFjyK2uY1DTQMHA==",
      "cpu": [
        "arm"
      ],
      "optional": true,
      "os": [
        "linux"
      ],
      "engines": {
        "node": ">= 10"
      }
    },
    "node_modules/@css-inline/css-inline-linux-arm64-gnu": {
      "version": "0.14.1",
      "resolved": "https://registry.npmjs.org/@css-inline/css-inline-linux-arm64-gnu/-/css-inline-linux-arm64-gnu-0.14.1.tgz",
      "integrity": "sha512-drj0ciiJgdP3xKXvNAt4W+FH4KKMs8vB5iKLJ3HcH07sNZj58Sx++2GxFRS1el3p+GFp9OoYA6dgouJsGEqt0Q==",
      "cpu": [
        "arm64"
      ],
      "optional": true,
      "os": [
        "linux"
      ],
      "engines": {
        "node": ">= 10"
      }
    },
    "node_modules/@css-inline/css-inline-linux-arm64-musl": {
      "version": "0.14.1",
      "resolved": "https://registry.npmjs.org/@css-inline/css-inline-linux-arm64-musl/-/css-inline-linux-arm64-musl-0.14.1.tgz",
      "integrity": "sha512-FzknI+st8eA8YQSdEJU9ykcM0LZjjigBuynVF5/p7hiMm9OMP8aNhWbhZ8LKJpKbZrQsxSGS4g9Vnr6n6FiSdQ==",
      "cpu": [
        "arm64"
      ],
      "optional": true,
      "os": [
        "linux"
      ],
      "engines": {
        "node": ">= 10"
      }
    },
    "node_modules/@css-inline/css-inline-linux-x64-gnu": {
      "version": "0.14.1",
      "resolved": "https://registry.npmjs.org/@css-inline/css-inline-linux-x64-gnu/-/css-inline-linux-x64-gnu-0.14.1.tgz",
      "integrity": "sha512-yubbEye+daDY/4vXnyASAxH88s256pPati1DfVoZpU1V0+KP0BZ1dByZOU1ktExurbPH3gZOWisAnBE9xon0Uw==",
      "cpu": [
        "x64"
      ],
      "optional": true,
      "os": [
        "linux"
      ],
      "engines": {
        "node": ">= 10"
      }
    },
    "node_modules/@css-inline/css-inline-linux-x64-musl": {
      "version": "0.14.1",
      "resolved": "https://registry.npmjs.org/@css-inline/css-inline-linux-x64-musl/-/css-inline-linux-x64-musl-0.14.1.tgz",
      "integrity": "sha512-6CRAZzoy1dMLPC/tns2rTt1ZwPo0nL/jYBEIAsYTCWhfAnNnpoLKVh5Nm+fSU3OOwTTqU87UkGrFJhObD/wobQ==",
      "cpu": [
        "x64"
      ],
      "optional": true,
      "os": [
        "linux"
      ],
      "engines": {
        "node": ">= 10"
      }
    },
    "node_modules/@css-inline/css-inline-win32-x64-msvc": {
      "version": "0.14.1",
      "resolved": "https://registry.npmjs.org/@css-inline/css-inline-win32-x64-msvc/-/css-inline-win32-x64-msvc-0.14.1.tgz",
      "integrity": "sha512-nzotGiaiuiQW78EzsiwsHZXbxEt6DiMUFcDJ6dhiliomXxnlaPyBfZb6/FMBgRJOf6sknDt/5695OttNmbMYzg==",
      "cpu": [
        "x64"
      ],
      "optional": true,
      "os": [
        "win32"
      ],
      "engines": {
        "node": ">= 10"
      }
    }
  }
}
